{
  "name": "@fiad/toolbox",
  "version": "2.3.0",
  "lockfileVersion": 2,
  "requires": true,
  "packages": {
    "": {
      "name": "@fiad/toolbox",
      "version": "2.3.0",
      "license": "MIT",
      "peerDependencies": {
        "gsap": ">= 3"
      }
    },
    "node_modules/gsap": {
      "version": "3.6.1",
      "resolved": "https://registry.npmjs.org/gsap/-/gsap-3.6.1.tgz",
      "integrity": "sha512-hCkjk7UVbeEmlpFbiy7lIsh742bwVlMhdCnnQ1CvVOAdURyPX8hXjFZGh/0YzUyAcWPyJPE0/paMhSYtLhGlfA==",
      "peer": true
    }
  },
  "dependencies": {
    "gsap": {
      "version": "3.6.1",
      "resolved": "https://registry.npmjs.org/gsap/-/gsap-3.6.1.tgz",
      "integrity": "sha512-hCkjk7UVbeEmlpFbiy7lIsh742bwVlMhdCnnQ1CvVOAdURyPX8hXjFZGh/0YzUyAcWPyJPE0/paMhSYtLhGlfA==",
      "peer": true
    }
  }
}
